// !$*UTF8*$!
{
	archiveVersion = 1;
	classes = {
	};
	objectVersion = 77;
	objects = {

/* Begin PBXBuildFile section */
		CE84DF682D55762F00C54EA6 /* libwhisper.a in Frameworks */ = {isa = PBXBuildFile; fileRef = CE84DF672D55762200C54EA6 /* libwhisper.a */; };
		CE84DF692D55762F00C54EA6 /* libggml.a in Frameworks */ = {isa = PBXBuildFile; fileRef = CE84DF632D55762200C54EA6 /* libggml.a */; };
		CE84DF6A2D55762F00C54EA6 /* libggml-metal.a in Frameworks */ = {isa = PBXBuildFile; fileRef = CE84DF652D55762200C54EA6 /* libggml-metal.a */; };
		CE84DF6B2D55762F00C54EA6 /* libggml-cpu.a in Frameworks */ = {isa = PBXBuildFile; fileRef = CE84DF642D55762200C54EA6 /* libggml-cpu.a */; };
		CE84DF6C2D55762F00C54EA6 /* libggml-base.a in Frameworks */ = {isa = PBXBuildFile; fileRef = CE84DF662D55762200C54EA6 /* libggml-base.a */; };
		CE84DF6E2D55777800C54EA6 /* libc++.tbd in Frameworks */ = {isa = PBXBuildFile; fileRef = CE84DF6D2D55777800C54EA6 /* libc++.tbd */; };
		CE84DF712D55778000C54EA6 /* Metal.framework in Frameworks */ = {isa = PBXBuildFile; fileRef = CE84DF6F2D55778000C54EA6 /* Metal.framework */; };
		CE84DF722D55778000C54EA6 /* MetalKit.framework in Frameworks */ = {isa = PBXBuildFile; fileRef = CE84DF702D55778000C54EA6 /* MetalKit.framework */; };
		CE84DF742D5577B000C54EA6 /* libggml-blas.a in Frameworks */ = {isa = PBXBuildFile; fileRef = CE84DF732D5577A700C54EA6 /* libggml-blas.a */; };
		CE84DF762D5577D200C54EA6 /* Accelerate.framework in Frameworks */ = {isa = PBXBuildFile; fileRef = CE84DF752D5577D200C54EA6 /* Accelerate.framework */; };
		CE84DF782D55789800C54EA6 /* ggml-tiny.en.bin in Resources */ = {isa = PBXBuildFile; fileRef = CE84DF772D55789800C54EA6 /* ggml-tiny.en.bin */; };
		CE84DF7A2D5578BE00C54EA6 /* jfk.wav in Resources */ = {isa = PBXBuildFile; fileRef = CE84DF792D5578BE00C54EA6 /* jfk.wav */; };
/* End PBXBuildFile section */

/* Begin PBXContainerItemProxy section */
		CE57B03A2D52C7BC00929AF3 /* PBXContainerItemProxy */ = {
			isa = PBXContainerItemProxy;
			containerPortal = CE57B0202D52C7BB00929AF3 /* Project object */;
			proxyType = 1;
			remoteGlobalIDString = CE57B0272D52C7BB00929AF3;
			remoteInfo = OpenSuperWhisper;
		};
		CE57B0442D52C7BC00929AF3 /* PBXContainerItemProxy */ = {
			isa = PBXContainerItemProxy;
			containerPortal = CE57B0202D52C7BB00929AF3 /* Project object */;
			proxyType = 1;
			remoteGlobalIDString = CE57B0272D52C7BB00929AF3;
			remoteInfo = OpenSuperWhisper;
		};
/* End PBXContainerItemProxy section */

/* Begin PBXFileReference section */
		CE57B0282D52C7BB00929AF3 /* OpenSuperWhisper.app */ = {isa = PBXFileReference; explicitFileType = wrapper.application; includeInIndex = 0; path = OpenSuperWhisper.app; sourceTree = BUILT_PRODUCTS_DIR; };
		CE57B0392D52C7BC00929AF3 /* OpenSuperWhisperTests.xctest */ = {isa = PBXFileReference; explicitFileType = wrapper.cfbundle; includeInIndex = 0; path = OpenSuperWhisperTests.xctest; sourceTree = BUILT_PRODUCTS_DIR; };
		CE57B0432D52C7BC00929AF3 /* OpenSuperWhisperUITests.xctest */ = {isa = PBXFileReference; explicitFileType = wrapper.cfbundle; includeInIndex = 0; path = OpenSuperWhisperUITests.xctest; sourceTree = BUILT_PRODUCTS_DIR; };
		CE84DF242D550BB400C54EA6 /* Entitlements.plist */ = {isa = PBXFileReference; lastKnownFileType = text.plist.xml; path = Entitlements.plist; sourceTree = "<group>"; };
		CE84DF262D550BB400C54EA6 /* 82b82416624d2658e5098eb0a28c15c5-common-args.resp */ = {isa = PBXFileReference; lastKnownFileType = text; path = "82b82416624d2658e5098eb0a28c15c5-common-args.resp"; sourceTree = "<group>"; };
		CE84DF272D550BB400C54EA6 /* ggml.LinkFileList */ = {isa = PBXFileReference; lastKnownFileType = text; path = ggml.LinkFileList; sourceTree = "<group>"; };
		CE84DF282D550BB400C54EA6 /* ggml_dependency_info.dat */ = {isa = PBXFileReference; lastKnownFileType = file; path = ggml_dependency_info.dat; sourceTree = "<group>"; };
		CE84DF292D550BB400C54EA6 /* ggml-backend-reg.d */ = {isa = PBXFileReference; lastKnownFileType = sourcecode.dtrace; path = "ggml-backend-reg.d"; sourceTree = "<group>"; };
		CE84DF2A2D550BB400C54EA6 /* ggml-backend-reg.dia */ = {isa = PBXFileReference; lastKnownFileType = file; path = "ggml-backend-reg.dia"; sourceTree = "<group>"; };
		CE84DF2B2D550BB400C54EA6 /* ggml-backend-reg.o */ = {isa = PBXFileReference; lastKnownFileType = "compiled.mach-o.objfile"; path = "ggml-backend-reg.o"; sourceTree = "<group>"; };
		CE84DF2E2D550BB400C54EA6 /* ggml.DependencyMetadataFileList */ = {isa = PBXFileReference; lastKnownFileType = text; path = ggml.DependencyMetadataFileList; sourceTree = "<group>"; };
		CE84DF2F2D550BB400C54EA6 /* libggml.dylib.xcent */ = {isa = PBXFileReference; lastKnownFileType = text.xml; path = libggml.dylib.xcent; sourceTree = "<group>"; };
		CE84DF302D550BB400C54EA6 /* libggml.dylib.xcent.der */ = {isa = PBXFileReference; lastKnownFileType = text; path = libggml.dylib.xcent.der; sourceTree = "<group>"; };
		CE84DF312D550BB400C54EA6 /* Script-8AD8A6185ECD87BB20995F11.sh */ = {isa = PBXFileReference; lastKnownFileType = text.script.sh; path = "Script-8AD8A6185ECD87BB20995F11.sh"; sourceTree = "<group>"; };
		CE84DF342D550BD500C54EA6 /* Entitlements.plist */ = {isa = PBXFileReference; lastKnownFileType = text.plist.xml; path = Entitlements.plist; sourceTree = "<group>"; };
		CE84DF362D550BD500C54EA6 /* 82b82416624d2658e5098eb0a28c15c5-common-args.resp */ = {isa = PBXFileReference; lastKnownFileType = text; path = "82b82416624d2658e5098eb0a28c15c5-common-args.resp"; sourceTree = "<group>"; };
		CE84DF372D550BD500C54EA6 /* ggml.LinkFileList */ = {isa = PBXFileReference; lastKnownFileType = text; path = ggml.LinkFileList; sourceTree = "<group>"; };
		CE84DF382D550BD500C54EA6 /* ggml_dependency_info.dat */ = {isa = PBXFileReference; lastKnownFileType = file; path = ggml_dependency_info.dat; sourceTree = "<group>"; };
		CE84DF392D550BD500C54EA6 /* ggml-backend-reg.d */ = {isa = PBXFileReference; lastKnownFileType = sourcecode.dtrace; path = "ggml-backend-reg.d"; sourceTree = "<group>"; };
		CE84DF3A2D550BD500C54EA6 /* ggml-backend-reg.dia */ = {isa = PBXFileReference; lastKnownFileType = file; path = "ggml-backend-reg.dia"; sourceTree = "<group>"; };
		CE84DF3B2D550BD500C54EA6 /* ggml-backend-reg.o */ = {isa = PBXFileReference; lastKnownFileType = "compiled.mach-o.objfile"; path = "ggml-backend-reg.o"; sourceTree = "<group>"; };
		CE84DF3E2D550BD500C54EA6 /* ggml.DependencyMetadataFileList */ = {isa = PBXFileReference; lastKnownFileType = text; path = ggml.DependencyMetadataFileList; sourceTree = "<group>"; };
		CE84DF3F2D550BD500C54EA6 /* libggml.dylib.xcent */ = {isa = PBXFileReference; lastKnownFileType = text.xml; path = libggml.dylib.xcent; sourceTree = "<group>"; };
		CE84DF402D550BD500C54EA6 /* libggml.dylib.xcent.der */ = {isa = PBXFileReference; lastKnownFileType = text; path = libggml.dylib.xcent.der; sourceTree = "<group>"; };
		CE84DF412D550BD500C54EA6 /* Script-8AD8A6185ECD87BB20995F11.sh */ = {isa = PBXFileReference; lastKnownFileType = text.script.sh; path = "Script-8AD8A6185ECD87BB20995F11.sh"; sourceTree = "<group>"; };
		CE84DF432D5557F600C54EA6 /* libwhisper.1.7.4.dylib */ = {isa = PBXFileReference; lastKnownFileType = "compiled.mach-o.dylib"; name = libwhisper.1.7.4.dylib; path = ../../../../usr/local/lib/libwhisper.1.7.4.dylib; sourceTree = "<group>"; };
		CE84DF462D5557FE00C54EA6 /* libggml-metal.dylib */ = {isa = PBXFileReference; lastKnownFileType = "compiled.mach-o.dylib"; name = "libggml-metal.dylib"; path = "../../../../usr/local/lib/libggml-metal.dylib"; sourceTree = "<group>"; };
		CE84DF472D5557FE00C54EA6 /* libggml.dylib */ = {isa = PBXFileReference; lastKnownFileType = "compiled.mach-o.dylib"; name = libggml.dylib; path = ../../../../usr/local/lib/libggml.dylib; sourceTree = "<group>"; };
		CE84DF532D55615600C54EA6 /* libwhisper.a */ = {isa = PBXFileReference; lastKnownFileType = archive.ar; name = libwhisper.a; path = "../../Library/Developer/Xcode/DerivedData/OpenSuperWhisper-hahlbuibzstrsfgaftshbjlrlesk/SourcePackages/checkouts/whisper.cpp/build/src/libwhisper.a"; sourceTree = "<group>"; };
		CE84DF582D556F5000C54EA6 /* Bridge.h */ = {isa = PBXFileReference; lastKnownFileType = sourcecode.c.h; path = Bridge.h; sourceTree = "<group>"; };
		CE84DF5B2D55703900C54EA6 /* whisper.h */ = {isa = PBXFileReference; lastKnownFileType = sourcecode.c.h; path = whisper.h; sourceTree = "<group>"; };
		CE84DF632D55762200C54EA6 /* libggml.a */ = {isa = PBXFileReference; lastKnownFileType = archive.ar; path = libggml.a; sourceTree = "<group>"; };
		CE84DF642D55762200C54EA6 /* libggml-cpu.a */ = {isa = PBXFileReference; lastKnownFileType = archive.ar; path = "libggml-cpu.a"; sourceTree = "<group>"; };
		CE84DF652D55762200C54EA6 /* libggml-metal.a */ = {isa = PBXFileReference; lastKnownFileType = archive.ar; path = "libggml-metal.a"; sourceTree = "<group>"; };
		CE84DF662D55762200C54EA6 /* libggml-base.a */ = {isa = PBXFileReference; lastKnownFileType = archive.ar; path = "libggml-base.a"; sourceTree = "<group>"; };
		CE84DF672D55762200C54EA6 /* libwhisper.a */ = {isa = PBXFileReference; lastKnownFileType = archive.ar; path = libwhisper.a; sourceTree = "<group>"; };
		CE84DF6D2D55777800C54EA6 /* libc++.tbd */ = {isa = PBXFileReference; lastKnownFileType = "sourcecode.text-based-dylib-definition"; name = "libc++.tbd"; path = "usr/lib/libc++.tbd"; sourceTree = SDKROOT; };
		CE84DF6F2D55778000C54EA6 /* Metal.framework */ = {isa = PBXFileReference; lastKnownFileType = wrapper.framework; name = Metal.framework; path = System/Library/Frameworks/Metal.framework; sourceTree = SDKROOT; };
		CE84DF702D55778000C54EA6 /* MetalKit.framework */ = {isa = PBXFileReference; lastKnownFileType = wrapper.framework; name = MetalKit.framework; path = System/Library/Frameworks/MetalKit.framework; sourceTree = SDKROOT; };
		CE84DF732D5577A700C54EA6 /* libggml-blas.a */ = {isa = PBXFileReference; lastKnownFileType = archive.ar; path = "libggml-blas.a"; sourceTree = "<group>"; };
		CE84DF752D5577D200C54EA6 /* Accelerate.framework */ = {isa = PBXFileReference; lastKnownFileType = wrapper.framework; name = Accelerate.framework; path = System/Library/Frameworks/Accelerate.framework; sourceTree = SDKROOT; };
		CE84DF772D55789800C54EA6 /* ggml-tiny.en.bin */ = {isa = PBXFileReference; lastKnownFileType = archive.macbinary; path = "ggml-tiny.en.bin"; sourceTree = "<group>"; };
		CE84DF792D5578BE00C54EA6 /* jfk.wav */ = {isa = PBXFileReference; lastKnownFileType = audio.wav; path = jfk.wav; sourceTree = "<group>"; };
/* End PBXFileReference section */

/* Begin PBXFileSystemSynchronizedRootGroup section */
		CE57B02A2D52C7BB00929AF3 /* OpenSuperWhisper */ = {
			isa = PBXFileSystemSynchronizedRootGroup;
			path = OpenSuperWhisper;
			sourceTree = "<group>";
		};
		CE57B03C2D52C7BC00929AF3 /* OpenSuperWhisperTests */ = {
			isa = PBXFileSystemSynchronizedRootGroup;
			path = OpenSuperWhisperTests;
			sourceTree = "<group>";
		};
		CE57B0462D52C7BC00929AF3 /* OpenSuperWhisperUITests */ = {
			isa = PBXFileSystemSynchronizedRootGroup;
			path = OpenSuperWhisperUITests;
			sourceTree = "<group>";
		};
/* End PBXFileSystemSynchronizedRootGroup section */

/* Begin PBXFrameworksBuildPhase section */
		CE57B0252D52C7BB00929AF3 /* Frameworks */ = {
			isa = PBXFrameworksBuildPhase;
			buildActionMask = 2147483647;
			files = (
				CE84DF762D5577D200C54EA6 /* Accelerate.framework in Frameworks */,
				CE84DF742D5577B000C54EA6 /* libggml-blas.a in Frameworks */,
				CE84DF712D55778000C54EA6 /* Metal.framework in Frameworks */,
				CE84DF722D55778000C54EA6 /* MetalKit.framework in Frameworks */,
				CE84DF6E2D55777800C54EA6 /* libc++.tbd in Frameworks */,
				CE84DF6C2D55762F00C54EA6 /* libggml-base.a in Frameworks */,
				CE84DF6A2D55762F00C54EA6 /* libggml-metal.a in Frameworks */,
				CE84DF692D55762F00C54EA6 /* libggml.a in Frameworks */,
				CE84DF682D55762F00C54EA6 /* libwhisper.a in Frameworks */,
				CE84DF6B2D55762F00C54EA6 /* libggml-cpu.a in Frameworks */,
			);
			runOnlyForDeploymentPostprocessing = 0;
		};
		CE57B0362D52C7BC00929AF3 /* Frameworks */ = {
			isa = PBXFrameworksBuildPhase;
			buildActionMask = 2147483647;
			files = (
			);
			runOnlyForDeploymentPostprocessing = 0;
		};
		CE57B0402D52C7BC00929AF3 /* Frameworks */ = {
			isa = PBXFrameworksBuildPhase;
			buildActionMask = 2147483647;
			files = (
			);
			runOnlyForDeploymentPostprocessing = 0;
		};
/* End PBXFrameworksBuildPhase section */

/* Begin PBXGroup section */
		CE37B60E2D54F274009D6564 /* Frameworks */ = {
			isa = PBXGroup;
			children = (
				CE84DF752D5577D200C54EA6 /* Accelerate.framework */,
				CE84DF732D5577A700C54EA6 /* libggml-blas.a */,
				CE84DF6F2D55778000C54EA6 /* Metal.framework */,
				CE84DF702D55778000C54EA6 /* MetalKit.framework */,
				CE84DF6D2D55777800C54EA6 /* libc++.tbd */,
				CE84DF532D55615600C54EA6 /* libwhisper.a */,
				CE84DF632D55762200C54EA6 /* libggml.a */,
				CE84DF662D55762200C54EA6 /* libggml-base.a */,
				CE84DF642D55762200C54EA6 /* libggml-cpu.a */,
				CE84DF652D55762200C54EA6 /* libggml-metal.a */,
				CE84DF672D55762200C54EA6 /* libwhisper.a */,
				CE84DF472D5557FE00C54EA6 /* libggml.dylib */,
				CE84DF462D5557FE00C54EA6 /* libggml-metal.dylib */,
				CE84DF432D5557F600C54EA6 /* libwhisper.1.7.4.dylib */,
				CE84DF422D550BD500C54EA6 /* Release-iphoneos */,
				CE84DF332D550BB400C54EA6 /* ggml.build */,
			);
			name = Frameworks;
			sourceTree = "<group>";
		};
		CE57B01F2D52C7BB00929AF3 = {
			isa = PBXGroup;
			children = (
				CE84DF582D556F5000C54EA6 /* Bridge.h */,
				CE57B02A2D52C7BB00929AF3 /* OpenSuperWhisper */,
				CE57B03C2D52C7BC00929AF3 /* OpenSuperWhisperTests */,
				CE57B0462D52C7BC00929AF3 /* OpenSuperWhisperUITests */,
				CE37B60E2D54F274009D6564 /* Frameworks */,
				CE57B0292D52C7BB00929AF3 /* Products */,
				CE84DF5B2D55703900C54EA6 /* whisper.h */,
				CE84DF772D55789800C54EA6 /* ggml-tiny.en.bin */,
				CE84DF792D5578BE00C54EA6 /* jfk.wav */,
			);
			sourceTree = "<group>";
		};
		CE57B0292D52C7BB00929AF3 /* Products */ = {
			isa = PBXGroup;
			children = (
				CE57B0282D52C7BB00929AF3 /* OpenSuperWhisper.app */,
				CE57B0392D52C7BC00929AF3 /* OpenSuperWhisperTests.xctest */,
				CE57B0432D52C7BC00929AF3 /* OpenSuperWhisperUITests.xctest */,
			);
			name = Products;
			sourceTree = "<group>";
		};
		CE84DF252D550BB400C54EA6 /* DerivedSources */ = {
			isa = PBXGroup;
			children = (
				CE84DF242D550BB400C54EA6 /* Entitlements.plist */,
			);
			path = DerivedSources;
			sourceTree = "<group>";
		};
		CE84DF2C2D550BB400C54EA6 /* arm64 */ = {
			isa = PBXGroup;
			children = (
				CE84DF262D550BB400C54EA6 /* 82b82416624d2658e5098eb0a28c15c5-common-args.resp */,
				CE84DF272D550BB400C54EA6 /* ggml.LinkFileList */,
				CE84DF282D550BB400C54EA6 /* ggml_dependency_info.dat */,
				CE84DF292D550BB400C54EA6 /* ggml-backend-reg.d */,
				CE84DF2A2D550BB400C54EA6 /* ggml-backend-reg.dia */,
				CE84DF2B2D550BB400C54EA6 /* ggml-backend-reg.o */,
			);
			path = arm64;
			sourceTree = "<group>";
		};
		CE84DF2D2D550BB400C54EA6 /* Objects-normal */ = {
			isa = PBXGroup;
			children = (
				CE84DF2C2D550BB400C54EA6 /* arm64 */,
			);
			path = "Objects-normal";
			sourceTree = "<group>";
		};
		CE84DF322D550BB400C54EA6 /* Release-iphoneos */ = {
			isa = PBXGroup;
			children = (
				CE84DF252D550BB400C54EA6 /* DerivedSources */,
				CE84DF2D2D550BB400C54EA6 /* Objects-normal */,
				CE84DF2E2D550BB400C54EA6 /* ggml.DependencyMetadataFileList */,
				CE84DF2F2D550BB400C54EA6 /* libggml.dylib.xcent */,
				CE84DF302D550BB400C54EA6 /* libggml.dylib.xcent.der */,
				CE84DF312D550BB400C54EA6 /* Script-8AD8A6185ECD87BB20995F11.sh */,
			);
			path = "Release-iphoneos";
			sourceTree = "<group>";
		};
		CE84DF332D550BB400C54EA6 /* ggml.build */ = {
			isa = PBXGroup;
			children = (
				CE84DF322D550BB400C54EA6 /* Release-iphoneos */,
			);
			name = ggml.build;
			path = whisper.cpp/build/build/ggml.build;
			sourceTree = "<group>";
		};
		CE84DF352D550BD500C54EA6 /* DerivedSources */ = {
			isa = PBXGroup;
			children = (
				CE84DF342D550BD500C54EA6 /* Entitlements.plist */,
			);
			path = DerivedSources;
			sourceTree = "<group>";
		};
		CE84DF3C2D550BD500C54EA6 /* arm64 */ = {
			isa = PBXGroup;
			children = (
				CE84DF362D550BD500C54EA6 /* 82b82416624d2658e5098eb0a28c15c5-common-args.resp */,
				CE84DF372D550BD500C54EA6 /* ggml.LinkFileList */,
				CE84DF382D550BD500C54EA6 /* ggml_dependency_info.dat */,
				CE84DF392D550BD500C54EA6 /* ggml-backend-reg.d */,
				CE84DF3A2D550BD500C54EA6 /* ggml-backend-reg.dia */,
				CE84DF3B2D550BD500C54EA6 /* ggml-backend-reg.o */,
			);
			path = arm64;
			sourceTree = "<group>";
		};
		CE84DF3D2D550BD500C54EA6 /* Objects-normal */ = {
			isa = PBXGroup;
			children = (
				CE84DF3C2D550BD500C54EA6 /* arm64 */,
			);
			path = "Objects-normal";
			sourceTree = "<group>";
		};
		CE84DF422D550BD500C54EA6 /* Release-iphoneos */ = {
			isa = PBXGroup;
			children = (
				CE84DF352D550BD500C54EA6 /* DerivedSources */,
				CE84DF3D2D550BD500C54EA6 /* Objects-normal */,
				CE84DF3E2D550BD500C54EA6 /* ggml.DependencyMetadataFileList */,
				CE84DF3F2D550BD500C54EA6 /* libggml.dylib.xcent */,
				CE84DF402D550BD500C54EA6 /* libggml.dylib.xcent.der */,
				CE84DF412D550BD500C54EA6 /* Script-8AD8A6185ECD87BB20995F11.sh */,
			);
			name = "Release-iphoneos";
			path = "whisper.cpp/build/build/ggml.build/Release-iphoneos";
			sourceTree = "<group>";
		};
/* End PBXGroup section */

/* Begin PBXNativeTarget section */
		CE57B0272D52C7BB00929AF3 /* OpenSuperWhisper */ = {
			isa = PBXNativeTarget;
			buildConfigurationList = CE57B04D2D52C7BC00929AF3 /* Build configuration list for PBXNativeTarget "OpenSuperWhisper" */;
			buildPhases = (
				CE57B0242D52C7BB00929AF3 /* Sources */,
				CE57B0252D52C7BB00929AF3 /* Frameworks */,
				CE57B0262D52C7BB00929AF3 /* Resources */,
			);
			buildRules = (
			);
			dependencies = (
			);
			fileSystemSynchronizedGroups = (
				CE57B02A2D52C7BB00929AF3 /* OpenSuperWhisper */,
			);
			name = OpenSuperWhisper;
			packageProductDependencies = (
			);
			productName = OpenSuperWhisper;
			productReference = CE57B0282D52C7BB00929AF3 /* OpenSuperWhisper.app */;
			productType = "com.apple.product-type.application";
		};
		CE57B0382D52C7BC00929AF3 /* OpenSuperWhisperTests */ = {
			isa = PBXNativeTarget;
			buildConfigurationList = CE57B0502D52C7BC00929AF3 /* Build configuration list for PBXNativeTarget "OpenSuperWhisperTests" */;
			buildPhases = (
				CE57B0352D52C7BC00929AF3 /* Sources */,
				CE57B0362D52C7BC00929AF3 /* Frameworks */,
				CE57B0372D52C7BC00929AF3 /* Resources */,
			);
			buildRules = (
			);
			dependencies = (
				CE57B03B2D52C7BC00929AF3 /* PBXTargetDependency */,
			);
			fileSystemSynchronizedGroups = (
				CE57B03C2D52C7BC00929AF3 /* OpenSuperWhisperTests */,
			);
			name = OpenSuperWhisperTests;
			packageProductDependencies = (
			);
			productName = OpenSuperWhisperTests;
			productReference = CE57B0392D52C7BC00929AF3 /* OpenSuperWhisperTests.xctest */;
			productType = "com.apple.product-type.bundle.unit-test";
		};
		CE57B0422D52C7BC00929AF3 /* OpenSuperWhisperUITests */ = {
			isa = PBXNativeTarget;
			buildConfigurationList = CE57B0532D52C7BC00929AF3 /* Build configuration list for PBXNativeTarget "OpenSuperWhisperUITests" */;
			buildPhases = (
				CE57B03F2D52C7BC00929AF3 /* Sources */,
				CE57B0402D52C7BC00929AF3 /* Frameworks */,
				CE57B0412D52C7BC00929AF3 /* Resources */,
			);
			buildRules = (
			);
			dependencies = (
				CE57B0452D52C7BC00929AF3 /* PBXTargetDependency */,
			);
			fileSystemSynchronizedGroups = (
				CE57B0462D52C7BC00929AF3 /* OpenSuperWhisperUITests */,
			);
			name = OpenSuperWhisperUITests;
			packageProductDependencies = (
			);
			productName = OpenSuperWhisperUITests;
			productReference = CE57B0432D52C7BC00929AF3 /* OpenSuperWhisperUITests.xctest */;
			productType = "com.apple.product-type.bundle.ui-testing";
		};
/* End PBXNativeTarget section */

/* Begin PBXProject section */
		CE57B0202D52C7BB00929AF3 /* Project object */ = {
			isa = PBXProject;
			attributes = {
				BuildIndependentTargetsInParallel = 1;
				LastSwiftUpdateCheck = 1610;
				LastUpgradeCheck = 1610;
				TargetAttributes = {
					CE57B0272D52C7BB00929AF3 = {
						CreatedOnToolsVersion = 16.1;
					};
					CE57B0382D52C7BC00929AF3 = {
						CreatedOnToolsVersion = 16.1;
						TestTargetID = CE57B0272D52C7BB00929AF3;
					};
					CE57B0422D52C7BC00929AF3 = {
						CreatedOnToolsVersion = 16.1;
						TestTargetID = CE57B0272D52C7BB00929AF3;
					};
				};
			};
			buildConfigurationList = CE57B0232D52C7BB00929AF3 /* Build configuration list for PBXProject "OpenSuperWhisper" */;
			developmentRegion = en;
			hasScannedForEncodings = 0;
			knownRegions = (
				en,
				Base,
			);
			mainGroup = CE57B01F2D52C7BB00929AF3;
			minimizedProjectReferenceProxies = 1;
			packageReferences = (
			);
			preferredProjectObjectVersion = 77;
			productRefGroup = CE57B0292D52C7BB00929AF3 /* Products */;
			projectDirPath = "";
			projectRoot = "";
			targets = (
				CE57B0272D52C7BB00929AF3 /* OpenSuperWhisper */,
				CE57B0382D52C7BC00929AF3 /* OpenSuperWhisperTests */,
				CE57B0422D52C7BC00929AF3 /* OpenSuperWhisperUITests */,
			);
		};
/* End PBXProject section */

/* Begin PBXResourcesBuildPhase section */
		CE57B0262D52C7BB00929AF3 /* Resources */ = {
			isa = PBXResourcesBuildPhase;
			buildActionMask = 2147483647;
			files = (
				CE84DF7A2D5578BE00C54EA6 /* jfk.wav in Resources */,
				CE84DF782D55789800C54EA6 /* ggml-tiny.en.bin in Resources */,
			);
			runOnlyForDeploymentPostprocessing = 0;
		};
		CE57B0372D52C7BC00929AF3 /* Resources */ = {
			isa = PBXResourcesBuildPhase;
			buildActionMask = 2147483647;
			files = (
			);
			runOnlyForDeploymentPostprocessing = 0;
		};
		CE57B0412D52C7BC00929AF3 /* Resources */ = {
			isa = PBXResourcesBuildPhase;
			buildActionMask = 2147483647;
			files = (
			);
			runOnlyForDeploymentPostprocessing = 0;
		};
/* End PBXResourcesBuildPhase section */

/* Begin PBXSourcesBuildPhase section */
		CE57B0242D52C7BB00929AF3 /* Sources */ = {
			isa = PBXSourcesBuildPhase;
			buildActionMask = 2147483647;
			files = (
			);
			runOnlyForDeploymentPostprocessing = 0;
		};
		CE57B0352D52C7BC00929AF3 /* Sources */ = {
			isa = PBXSourcesBuildPhase;
			buildActionMask = 2147483647;
			files = (
			);
			runOnlyForDeploymentPostprocessing = 0;
		};
		CE57B03F2D52C7BC00929AF3 /* Sources */ = {
			isa = PBXSourcesBuildPhase;
			buildActionMask = 2147483647;
			files = (
			);
			runOnlyForDeploymentPostprocessing = 0;
		};
/* End PBXSourcesBuildPhase section */

/* Begin PBXTargetDependency section */
		CE57B03B2D52C7BC00929AF3 /* PBXTargetDependency */ = {
			isa = PBXTargetDependency;
			target = CE57B0272D52C7BB00929AF3 /* OpenSuperWhisper */;
			targetProxy = CE57B03A2D52C7BC00929AF3 /* PBXContainerItemProxy */;
		};
		CE57B0452D52C7BC00929AF3 /* PBXTargetDependency */ = {
			isa = PBXTargetDependency;
			target = CE57B0272D52C7BB00929AF3 /* OpenSuperWhisper */;
			targetProxy = CE57B0442D52C7BC00929AF3 /* PBXContainerItemProxy */;
		};
/* End PBXTargetDependency section */

/* Begin XCBuildConfiguration section */
		CE57B04B2D52C7BC00929AF3 /* Debug */ = {
			isa = XCBuildConfiguration;
			buildSettings = {
				ALWAYS_SEARCH_USER_PATHS = NO;
				ARCHS = "$(ARCHS_STANDARD_64_BIT)";
				ASSETCATALOG_COMPILER_GENERATE_SWIFT_ASSET_SYMBOL_EXTENSIONS = YES;
				CLANG_ANALYZER_NONNULL = YES;
				CLANG_ANALYZER_NUMBER_OBJECT_CONVERSION = YES_AGGRESSIVE;
				CLANG_CXX_LANGUAGE_STANDARD = "gnu++20";
				CLANG_ENABLE_MODULES = YES;
				CLANG_ENABLE_OBJC_ARC = YES;
				CLANG_ENABLE_OBJC_WEAK = YES;
				CLANG_WARN_BLOCK_CAPTURE_AUTORELEASING = YES;
				CLANG_WARN_BOOL_CONVERSION = YES;
				CLANG_WARN_COMMA = YES;
				CLANG_WARN_CONSTANT_CONVERSION = YES;
				CLANG_WARN_DEPRECATED_OBJC_IMPLEMENTATIONS = YES;
				CLANG_WARN_DIRECT_OBJC_ISA_USAGE = YES_ERROR;
				CLANG_WARN_DOCUMENTATION_COMMENTS = YES;
				CLANG_WARN_EMPTY_BODY = YES;
				CLANG_WARN_ENUM_CONVERSION = YES;
				CLANG_WARN_INFINITE_RECURSION = YES;
				CLANG_WARN_INT_CONVERSION = YES;
				CLANG_WARN_NON_LITERAL_NULL_CONVERSION = YES;
				CLANG_WARN_OBJC_IMPLICIT_RETAIN_SELF = YES;
				CLANG_WARN_OBJC_LITERAL_CONVERSION = YES;
				CLANG_WARN_OBJC_ROOT_CLASS = YES_ERROR;
				CLANG_WARN_QUOTED_INCLUDE_IN_FRAMEWORK_HEADER = YES;
				CLANG_WARN_RANGE_LOOP_ANALYSIS = YES;
				CLANG_WARN_STRICT_PROTOTYPES = YES;
				CLANG_WARN_SUSPICIOUS_MOVE = YES;
				CLANG_WARN_UNGUARDED_AVAILABILITY = YES_AGGRESSIVE;
				CLANG_WARN_UNREACHABLE_CODE = YES;
				CLANG_WARN__DUPLICATE_METHOD_MATCH = YES;
				COPY_PHASE_STRIP = NO;
				DEBUG_INFORMATION_FORMAT = dwarf;
				ENABLE_STRICT_OBJC_MSGSEND = YES;
				ENABLE_TESTABILITY = YES;
				ENABLE_USER_SCRIPT_SANDBOXING = YES;
				GCC_C_LANGUAGE_STANDARD = gnu17;
				GCC_DYNAMIC_NO_PIC = NO;
				GCC_NO_COMMON_BLOCKS = YES;
				GCC_OPTIMIZATION_LEVEL = 0;
				GCC_PREPROCESSOR_DEFINITIONS = (
					"DEBUG=1",
					"$(inherited)",
				);
				GCC_WARN_64_TO_32_BIT_CONVERSION = YES;
				GCC_WARN_ABOUT_RETURN_TYPE = YES_ERROR;
				GCC_WARN_UNDECLARED_SELECTOR = YES;
				GCC_WARN_UNINITIALIZED_AUTOS = YES_AGGRESSIVE;
				GCC_WARN_UNUSED_FUNCTION = YES;
				GCC_WARN_UNUSED_VARIABLE = YES;
				LOCALIZATION_PREFERS_STRING_CATALOGS = YES;
				MACOSX_DEPLOYMENT_TARGET = 15.1;
				MTL_ENABLE_DEBUG_INFO = INCLUDE_SOURCE;
				MTL_FAST_MATH = YES;
				ONLY_ACTIVE_ARCH = YES;
				SDKROOT = macosx;
				SUPPORTED_PLATFORMS = macosx;
				SUPPORTS_MACCATALYST = NO;
				SWIFT_ACTIVE_COMPILATION_CONDITIONS = "DEBUG $(inherited)";
				SWIFT_OPTIMIZATION_LEVEL = "-Onone";
				VALID_ARCHS = arm64;
			};
			name = Debug;
		};
		CE57B04C2D52C7BC00929AF3 /* Release */ = {
			isa = XCBuildConfiguration;
			buildSettings = {
				ALWAYS_SEARCH_USER_PATHS = NO;
				ARCHS = "$(ARCHS_STANDARD_64_BIT)";
				ASSETCATALOG_COMPILER_GENERATE_SWIFT_ASSET_SYMBOL_EXTENSIONS = YES;
				CLANG_ANALYZER_NONNULL = YES;
				CLANG_ANALYZER_NUMBER_OBJECT_CONVERSION = YES_AGGRESSIVE;
				CLANG_CXX_LANGUAGE_STANDARD = "gnu++20";
				CLANG_ENABLE_MODULES = YES;
				CLANG_ENABLE_OBJC_ARC = YES;
				CLANG_ENABLE_OBJC_WEAK = YES;
				CLANG_WARN_BLOCK_CAPTURE_AUTORELEASING = YES;
				CLANG_WARN_BOOL_CONVERSION = YES;
				CLANG_WARN_COMMA = YES;
				CLANG_WARN_CONSTANT_CONVERSION = YES;
				CLANG_WARN_DEPRECATED_OBJC_IMPLEMENTATIONS = YES;
				CLANG_WARN_DIRECT_OBJC_ISA_USAGE = YES_ERROR;
				CLANG_WARN_DOCUMENTATION_COMMENTS = YES;
				CLANG_WARN_EMPTY_BODY = YES;
				CLANG_WARN_ENUM_CONVERSION = YES;
				CLANG_WARN_INFINITE_RECURSION = YES;
				CLANG_WARN_INT_CONVERSION = YES;
				CLANG_WARN_NON_LITERAL_NULL_CONVERSION = YES;
				CLANG_WARN_OBJC_IMPLICIT_RETAIN_SELF = YES;
				CLANG_WARN_OBJC_LITERAL_CONVERSION = YES;
				CLANG_WARN_OBJC_ROOT_CLASS = YES_ERROR;
				CLANG_WARN_QUOTED_INCLUDE_IN_FRAMEWORK_HEADER = YES;
				CLANG_WARN_RANGE_LOOP_ANALYSIS = YES;
				CLANG_WARN_STRICT_PROTOTYPES = YES;
				CLANG_WARN_SUSPICIOUS_MOVE = YES;
				CLANG_WARN_UNGUARDED_AVAILABILITY = YES_AGGRESSIVE;
				CLANG_WARN_UNREACHABLE_CODE = YES;
				CLANG_WARN__DUPLICATE_METHOD_MATCH = YES;
				COPY_PHASE_STRIP = NO;
				DEBUG_INFORMATION_FORMAT = "dwarf-with-dsym";
				ENABLE_NS_ASSERTIONS = NO;
				ENABLE_STRICT_OBJC_MSGSEND = YES;
				ENABLE_USER_SCRIPT_SANDBOXING = YES;
				GCC_C_LANGUAGE_STANDARD = gnu17;
				GCC_NO_COMMON_BLOCKS = YES;
				GCC_WARN_64_TO_32_BIT_CONVERSION = YES;
				GCC_WARN_ABOUT_RETURN_TYPE = YES_ERROR;
				GCC_WARN_UNDECLARED_SELECTOR = YES;
				GCC_WARN_UNINITIALIZED_AUTOS = YES_AGGRESSIVE;
				GCC_WARN_UNUSED_FUNCTION = YES;
				GCC_WARN_UNUSED_VARIABLE = YES;
				LOCALIZATION_PREFERS_STRING_CATALOGS = YES;
				MACOSX_DEPLOYMENT_TARGET = 15.1;
				MTL_ENABLE_DEBUG_INFO = NO;
				MTL_FAST_MATH = YES;
				SDKROOT = macosx;
				SUPPORTED_PLATFORMS = macosx;
				SUPPORTS_MACCATALYST = NO;
				SWIFT_COMPILATION_MODE = wholemodule;
				VALID_ARCHS = arm64;
			};
			name = Release;
		};
		CE57B04E2D52C7BC00929AF3 /* Debug */ = {
			isa = XCBuildConfiguration;
			buildSettings = {
				ARCHS = "$(ARCHS_STANDARD_64_BIT)";
				ASSETCATALOG_COMPILER_APPICON_NAME = AppIcon;
				ASSETCATALOG_COMPILER_GLOBAL_ACCENT_COLOR_NAME = AccentColor;
				CODE_SIGN_ENTITLEMENTS = OpenSuperWhisper/OpenSuperWhisper.entitlements;
				CODE_SIGN_STYLE = Automatic;
				COMBINE_HIDPI_IMAGES = YES;
				CURRENT_PROJECT_VERSION = 1;
				DEFINES_MODULE = YES;
				DEVELOPMENT_ASSET_PATHS = "\"OpenSuperWhisper/Preview Content\"";
				DEVELOPMENT_TEAM = 8LLDD7HWZK;
				ENABLE_HARDENED_RUNTIME = YES;
				ENABLE_PREVIEWS = YES;
				EXCLUDED_ARCHS = x86_64;
				FRAMEWORK_SEARCH_PATHS = (
					"$(inherited)",
					"$(PROJECT_DIR)",
				);
				GENERATE_INFOPLIST_FILE = YES;
				HEADER_SEARCH_PATHS = (
					"$(inherited)",
					"$(PROJECT_DIR)",
				);
				INFOPLIST_FILE = "OpenSuperWhisper/OpenSuperWhisper-Info.plist";
				INFOPLIST_KEY_CFBundleDisplayName = "";
				INFOPLIST_KEY_LSApplicationCategoryType = "";
				INFOPLIST_KEY_NSHumanReadableCopyright = "";
				LD_RUNPATH_SEARCH_PATHS = (
					"$(inherited)",
					"@executable_path/../Frameworks",
				);
				LIBRARY_SEARCH_PATHS = (
					"$(inherited)",
					"$(PROJECT_DIR)",
				);
				MARKETING_VERSION = 1.0;
				OTHER_LDFLAGS = (
					"-lwhisper",
					"-v",
				);
				PRODUCT_BUNDLE_IDENTIFIER = ru.starmel.OpenSuperWhisper;
				PRODUCT_NAME = "$(TARGET_NAME)";
				SWIFT_EMIT_LOC_STRINGS = YES;
				SWIFT_OBJC_BRIDGING_HEADER = "$(PROJECT_DIR)/Bridge.h";
				SWIFT_VERSION = 5.0;
			};
			name = Debug;
		};
		CE57B04F2D52C7BC00929AF3 /* Release */ = {
			isa = XCBuildConfiguration;
			buildSettings = {
				ARCHS = "$(ARCHS_STANDARD_64_BIT)";
				ASSETCATALOG_COMPILER_APPICON_NAME = AppIcon;
				ASSETCATALOG_COMPILER_GLOBAL_ACCENT_COLOR_NAME = AccentColor;
				CODE_SIGN_ENTITLEMENTS = OpenSuperWhisper/OpenSuperWhisper.entitlements;
				CODE_SIGN_STYLE = Automatic;
				COMBINE_HIDPI_IMAGES = YES;
				CURRENT_PROJECT_VERSION = 1;
				DEFINES_MODULE = YES;
				DEVELOPMENT_ASSET_PATHS = "\"OpenSuperWhisper/Preview Content\"";
				DEVELOPMENT_TEAM = 8LLDD7HWZK;
				ENABLE_HARDENED_RUNTIME = YES;
				ENABLE_PREVIEWS = YES;
				EXCLUDED_ARCHS = x86_64;
				FRAMEWORK_SEARCH_PATHS = (
					"$(inherited)",
					"$(PROJECT_DIR)",
				);
				GENERATE_INFOPLIST_FILE = YES;
				HEADER_SEARCH_PATHS = (
					"$(inherited)",
					"$(PROJECT_DIR)",
				);
				INFOPLIST_FILE = "OpenSuperWhisper/OpenSuperWhisper-Info.plist";
				INFOPLIST_KEY_CFBundleDisplayName = "";
				INFOPLIST_KEY_LSApplicationCategoryType = "";
				INFOPLIST_KEY_NSHumanReadableCopyright = "";
				LD_RUNPATH_SEARCH_PATHS = (
					"$(inherited)",
					"@executable_path/../Frameworks",
				);
				LIBRARY_SEARCH_PATHS = (
					"$(inherited)",
					"$(PROJECT_DIR)",
				);
				MARKETING_VERSION = 1.0;
				OTHER_LDFLAGS = (
					"-lwhisper",
					"-v",
				);
				PRODUCT_BUNDLE_IDENTIFIER = ru.starmel.OpenSuperWhisper;
				PRODUCT_NAME = "$(TARGET_NAME)";
				SWIFT_EMIT_LOC_STRINGS = YES;
				SWIFT_OBJC_BRIDGING_HEADER = "$(PROJECT_DIR)/Bridge.h";
				SWIFT_VERSION = 5.0;
			};
			name = Release;
		};
		CE57B0512D52C7BC00929AF3 /* Debug */ = {
			isa = XCBuildConfiguration;
			buildSettings = {
				BUNDLE_LOADER = "$(TEST_HOST)";
				CODE_SIGN_STYLE = Automatic;
				CURRENT_PROJECT_VERSION = 1;
				DEVELOPMENT_TEAM = 8LLDD7HWZK;
				GENERATE_INFOPLIST_FILE = YES;
				MACOSX_DEPLOYMENT_TARGET = 15.1;
				MARKETING_VERSION = 1.0;
				PRODUCT_BUNDLE_IDENTIFIER = ru.starmel.OpenSuperWhisperTests;
				PRODUCT_NAME = "$(TARGET_NAME)";
				SWIFT_EMIT_LOC_STRINGS = NO;
				SWIFT_VERSION = 5.0;
				TEST_HOST = "$(BUILT_PRODUCTS_DIR)/OpenSuperWhisper.app/$(BUNDLE_EXECUTABLE_FOLDER_PATH)/OpenSuperWhisper";
			};
			name = Debug;
		};
		CE57B0522D52C7BC00929AF3 /* Release */ = {
			isa = XCBuildConfiguration;
			buildSettings = {
				BUNDLE_LOADER = "$(TEST_HOST)";
				CODE_SIGN_STYLE = Automatic;
				CURRENT_PROJECT_VERSION = 1;
				DEVELOPMENT_TEAM = 8LLDD7HWZK;
				GENERATE_INFOPLIST_FILE = YES;
				MACOSX_DEPLOYMENT_TARGET = 15.1;
				MARKETING_VERSION = 1.0;
				PRODUCT_BUNDLE_IDENTIFIER = ru.starmel.OpenSuperWhisperTests;
				PRODUCT_NAME = "$(TARGET_NAME)";
				SWIFT_EMIT_LOC_STRINGS = NO;
				SWIFT_VERSION = 5.0;
				TEST_HOST = "$(BUILT_PRODUCTS_DIR)/OpenSuperWhisper.app/$(BUNDLE_EXECUTABLE_FOLDER_PATH)/OpenSuperWhisper";
			};
			name = Release;
		};
		CE57B0542D52C7BC00929AF3 /* Debug */ = {
			isa = XCBuildConfiguration;
			buildSettings = {
				CODE_SIGN_STYLE = Automatic;
				CURRENT_PROJECT_VERSION = 1;
				DEVELOPMENT_TEAM = 8LLDD7HWZK;
				GENERATE_INFOPLIST_FILE = YES;
				MARKETING_VERSION = 1.0;
				PRODUCT_BUNDLE_IDENTIFIER = ru.starmel.OpenSuperWhisperUITests;
				PRODUCT_NAME = "$(TARGET_NAME)";
				SWIFT_EMIT_LOC_STRINGS = NO;
				SWIFT_VERSION = 5.0;
				TEST_TARGET_NAME = OpenSuperWhisper;
			};
			name = Debug;
		};
		CE57B0552D52C7BC00929AF3 /* Release */ = {
			isa = XCBuildConfiguration;
			buildSettings = {
				CODE_SIGN_STYLE = Automatic;
				CURRENT_PROJECT_VERSION = 1;
				DEVELOPMENT_TEAM = 8LLDD7HWZK;
				GENERATE_INFOPLIST_FILE = YES;
				MARKETING_VERSION = 1.0;
				PRODUCT_BUNDLE_IDENTIFIER = ru.starmel.OpenSuperWhisperUITests;
				PRODUCT_NAME = "$(TARGET_NAME)";
				SWIFT_EMIT_LOC_STRINGS = NO;
				SWIFT_VERSION = 5.0;
				TEST_TARGET_NAME = OpenSuperWhisper;
			};
			name = Release;
		};
/* End XCBuildConfiguration section */

/* Begin XCConfigurationList section */
		CE57B0232D52C7BB00929AF3 /* Build configuration list for PBXProject "OpenSuperWhisper" */ = {
			isa = XCConfigurationList;
			buildConfigurations = (
				CE57B04B2D52C7BC00929AF3 /* Debug */,
				CE57B04C2D52C7BC00929AF3 /* Release */,
			);
			defaultConfigurationIsVisible = 0;
			defaultConfigurationName = Release;
		};
		CE57B04D2D52C7BC00929AF3 /* Build configuration list for PBXNativeTarget "OpenSuperWhisper" */ = {
			isa = XCConfigurationList;
			buildConfigurations = (
				CE57B04E2D52C7BC00929AF3 /* Debug */,
				CE57B04F2D52C7BC00929AF3 /* Release */,
			);
			defaultConfigurationIsVisible = 0;
			defaultConfigurationName = Release;
		};
		CE57B0502D52C7BC00929AF3 /* Build configuration list for PBXNativeTarget "OpenSuperWhisperTests" */ = {
			isa = XCConfigurationList;
			buildConfigurations = (
				CE57B0512D52C7BC00929AF3 /* Debug */,
				CE57B0522D52C7BC00929AF3 /* Release */,
			);
			defaultConfigurationIsVisible = 0;
			defaultConfigurationName = Release;
		};
		CE57B0532D52C7BC00929AF3 /* Build configuration list for PBXNativeTarget "OpenSuperWhisperUITests" */ = {
			isa = XCConfigurationList;
			buildConfigurations = (
				CE57B0542D52C7BC00929AF3 /* Debug */,
				CE57B0552D52C7BC00929AF3 /* Release */,
			);
			defaultConfigurationIsVisible = 0;
			defaultConfigurationName = Release;
		};
/* End XCConfigurationList section */
	};
	rootObject = CE57B0202D52C7BB00929AF3 /* Project object */;
}
